// !$*UTF8*$!
{
	archiveVersion = 1;
	classes = {
	};
	objectVersion = 46;
	objects = {

/* Begin PBXBuildFile section */
		73FFB37A1F7585E700ABFF3C /* 09_2_esC_1.c in Sources */ = {isa = PBXBuildFile; fileRef = 73FFB3791F7585E700ABFF3C /* 09_2_esC_1.c */; };
/* End PBXBuildFile section */

/* Begin PBXCopyFilesBuildPhase section */
		73927F261F70462B0079CB6F /* CopyFiles */ = {
			isa = PBXCopyFilesBuildPhase;
			buildActionMask = 2147483647;
			dstPath = /usr/share/man/man1/;
			dstSubfolderSpec = 0;
			files = (
			);
			runOnlyForDeploymentPostprocessing = 1;
		};
/* End PBXCopyFilesBuildPhase section */

/* Begin PBXFileReference section */
		73927F281F70462B0079CB6F /* eserciziInfoA */ = {isa = PBXFileReference; explicitFileType = "compiled.mach-o.executable"; includeInIndex = 0; path = eserciziInfoA; sourceTree = BUILT_PRODUCTS_DIR; };
		73927F2B1F70462B0079CB6F /* main.c */ = {isa = PBXFileReference; lastKnownFileType = sourcecode.c.c; path = main.c; sourceTree = "<group>"; };
		73927F331F7046800079CB6F /* es1.c */ = {isa = PBXFileReference; fileEncoding = 4; lastKnownFileType = sourcecode.c.c; path = es1.c; sourceTree = "<group>"; };
		73927F351F7046C30079CB6F /* es2.c */ = {isa = PBXFileReference; fileEncoding = 4; lastKnownFileType = sourcecode.c.c; path = es2.c; sourceTree = "<group>"; };
		73927F381F7047200079CB6F /* esm1.c */ = {isa = PBXFileReference; fileEncoding = 4; lastKnownFileType = sourcecode.c.c; path = esm1.c; sourceTree = "<group>"; };
		73927F3B1F7047B60079CB6F /* esm2.c */ = {isa = PBXFileReference; fileEncoding = 4; lastKnownFileType = sourcecode.c.c; path = esm2.c; sourceTree = "<group>"; };
		73FFB3791F7585E700ABFF3C /* 09_2_esC_1.c */ = {isa = PBXFileReference; lastKnownFileType = sourcecode.c.c; path = 09_2_esC_1.c; sourceTree = "<group>"; };
/* End PBXFileReference section */

/* Begin PBXFrameworksBuildPhase section */
		73927F251F70462B0079CB6F /* Frameworks */ = {
			isa = PBXFrameworksBuildPhase;
			buildActionMask = 2147483647;
			files = (
			);
			runOnlyForDeploymentPostprocessing = 0;
		};
/* End PBXFrameworksBuildPhase section */

/* Begin PBXGroup section */
		73927F1F1F70462B0079CB6F = {
			isa = PBXGroup;
			children = (
				73927F2A1F70462B0079CB6F /* eserciziInfoA */,
				73927F291F70462B0079CB6F /* Products */,
			);
			sourceTree = "<group>";
		};
		73927F291F70462B0079CB6F /* Products */ = {
			isa = PBXGroup;
			children = (
				73927F281F70462B0079CB6F /* eserciziInfoA */,
			);
			name = Products;
			sourceTree = "<group>";
		};
		73927F2A1F70462B0079CB6F /* eserciziInfoA */ = {
			isa = PBXGroup;
			children = (
				73FFB3781F7585BD00ABFF3C /* 1_eseC */,
				73927F371F7046E60079CB6F /* 2_eseMatrici */,
				73927F321F70463D0079CB6F /* 1_eseArray */,
				73927F2B1F70462B0079CB6F /* main.c */,
			);
			path = eserciziInfoA;
			sourceTree = "<group>";
		};
		73927F321F70463D0079CB6F /* 1_eseArray */ = {
			isa = PBXGroup;
			children = (
				73927F331F7046800079CB6F /* es1.c */,
				73927F351F7046C30079CB6F /* es2.c */,
			);
			name = 1_eseArray;
			sourceTree = "<group>";
		};
		73927F371F7046E60079CB6F /* 2_eseMatrici */ = {
			isa = PBXGroup;
			children = (
				73927F381F7047200079CB6F /* esm1.c */,
				73927F3B1F7047B60079CB6F /* esm2.c */,
			);
			name = 2_eseMatrici;
			sourceTree = "<group>";
		};
		73FFB3781F7585BD00ABFF3C /* 1_eseC */ = {
			isa = PBXGroup;
			children = (
				73FFB3791F7585E700ABFF3C /* 09_2_esC_1.c */,
			);
			name = 1_eseC;
			sourceTree = "<group>";
		};
/* End PBXGroup section */

/* Begin PBXNativeTarget section */
		73927F271F70462B0079CB6F /* eserciziInfoA */ = {
			isa = PBXNativeTarget;
			buildConfigurationList = 73927F2F1F70462B0079CB6F /* Build configuration list for PBXNativeTarget "eserciziInfoA" */;
			buildPhases = (
				73927F241F70462B0079CB6F /* Sources */,
				73927F251F70462B0079CB6F /* Frameworks */,
				73927F261F70462B0079CB6F /* CopyFiles */,
			);
			buildRules = (
			);
			dependencies = (
			);
			name = eserciziInfoA;
			productName = eserciziInfoA;
			productReference = 73927F281F70462B0079CB6F /* eserciziInfoA */;
			productType = "com.apple.product-type.tool";
		};
/* End PBXNativeTarget section */

/* Begin PBXProject section */
		73927F201F70462B0079CB6F /* Project object */ = {
			isa = PBXProject;
			attributes = {
				LastUpgradeCheck = 0830;
				ORGANIZATIONNAME = abernasconi;
				TargetAttributes = {
					73927F271F70462B0079CB6F = {
						CreatedOnToolsVersion = 8.3.3;
						ProvisioningStyle = Automatic;
					};
				};
			};
			buildConfigurationList = 73927F231F70462B0079CB6F /* Build configuration list for PBXProject "eserciziInfoA" */;
			compatibilityVersion = "Xcode 3.2";
			developmentRegion = English;
			hasScannedForEncodings = 0;
			knownRegions = (
				en,
			);
			mainGroup = 73927F1F1F70462B0079CB6F;
			productRefGroup = 73927F291F70462B0079CB6F /* Products */;
			projectDirPath = "";
			projectRoot = "";
			targets = (
				73927F271F70462B0079CB6F /* eserciziInfoA */,
			);
		};
/* End PBXProject section */

/* Begin PBXSourcesBuildPhase section */
		73927F241F70462B0079CB6F /* Sources */ = {
			isa = PBXSourcesBuildPhase;
			buildActionMask = 2147483647;
			files = (
				73FFB37A1F7585E700ABFF3C /* 09_2_esC_1.c in Sources */,
			);
			runOnlyForDeploymentPostprocessing = 0;
		};
/* End PBXSourcesBuildPhase section */

/* Begin XCBuildConfiguration section */
		73927F2D1F70462B0079CB6F /* Debug */ = {
			isa = XCBuildConfiguration;
			buildSettings = {
				ALWAYS_SEARCH_USER_PATHS = NO;
				CLANG_ANALYZER_NONNULL = YES;
				CLANG_ANALYZER_NUMBER_OBJECT_CONVERSION = YES_AGGRESSIVE;
				CLANG_CXX_LANGUAGE_STANDARD = "gnu++0x";
				CLANG_CXX_LIBRARY = "libc++";
				CLANG_ENABLE_MODULES = YES;
				CLANG_ENABLE_OBJC_ARC = YES;
				CLANG_WARN_BOOL_CONVERSION = YES;
				CLANG_WARN_CONSTANT_CONVERSION = YES;
				CLANG_WARN_DIRECT_OBJC_ISA_USAGE = YES_ERROR;
				CLANG_WARN_DOCUMENTATION_COMMENTS = YES;
				CLANG_WARN_EMPTY_BODY = YES;
				CLANG_WARN_ENUM_CONVERSION = YES;
				CLANG_WARN_INFINITE_RECURSION = YES;
				CLANG_WARN_INT_CONVERSION = YES;
				CLANG_WARN_OBJC_ROOT_CLASS = YES_ERROR;
				CLANG_WARN_SUSPICIOUS_MOVE = YES;
				CLANG_WARN_UNREACHABLE_CODE = YES;
				CLANG_WARN__DUPLICATE_METHOD_MATCH = YES;
				CODE_SIGN_IDENTITY = "-";
				COPY_PHASE_STRIP = NO;
				DEBUG_INFORMATION_FORMAT = dwarf;
				ENABLE_STRICT_OBJC_MSGSEND = YES;
				ENABLE_TESTABILITY = YES;
				GCC_C_LANGUAGE_STANDARD = gnu99;
				GCC_DYNAMIC_NO_PIC = NO;
				GCC_NO_COMMON_BLOCKS = YES;
				GCC_OPTIMIZATION_LEVEL = 0;
				GCC_PREPROCESSOR_DEFINITIONS = (
					"DEBUG=1",
					"$(inherited)",
				);
				GCC_WARN_64_TO_32_BIT_CONVERSION = YES;
				GCC_WARN_ABOUT_RETURN_TYPE = YES_ERROR;
				GCC_WARN_UNDECLARED_SELECTOR = YES;
				GCC_WARN_UNINITIALIZED_AUTOS = YES_AGGRESSIVE;
				GCC_WARN_UNUSED_FUNCTION = YES;
				GCC_WARN_UNUSED_VARIABLE = YES;
				MACOSX_DEPLOYMENT_TARGET = 10.12;
				MTL_ENABLE_DEBUG_INFO = YES;
				ONLY_ACTIVE_ARCH = YES;
				SDKROOT = macosx;
			};
			name = Debug;
		};
		73927F2E1F70462B0079CB6F /* Release */ = {
			isa = XCBuildConfiguration;
			buildSettings = {
				ALWAYS_SEARCH_USER_PATHS = NO;
				CLANG_ANALYZER_NONNULL = YES;
				CLANG_ANALYZER_NUMBER_OBJECT_CONVERSION = YES_AGGRESSIVE;
				CLANG_CXX_LANGUAGE_STANDARD = "gnu++0x";
				CLANG_CXX_LIBRARY = "libc++";
				CLANG_ENABLE_MODULES = YES;
				CLANG_ENABLE_OBJC_ARC = YES;
				CLANG_WARN_BOOL_CONVERSION = YES;
				CLANG_WARN_CONSTANT_CONVERSION = YES;
				CLANG_WARN_DIRECT_OBJC_ISA_USAGE = YES_ERROR;
				CLANG_WARN_DOCUMENTATION_COMMENTS = YES;
				CLANG_WARN_EMPTY_BODY = YES;
				CLANG_WARN_ENUM_CONVERSION = YES;
				CLANG_WARN_INFINITE_RECURSION = YES;
				CLANG_WARN_INT_CONVERSION = YES;
				CLANG_WARN_OBJC_ROOT_CLASS = YES_ERROR;
				CLANG_WARN_SUSPICIOUS_MOVE = YES;
				CLANG_WARN_UNREACHABLE_CODE = YES;
				CLANG_WARN__DUPLICATE_METHOD_MATCH = YES;
				CODE_SIGN_IDENTITY = "-";
				COPY_PHASE_STRIP = NO;
				DEBUG_INFORMATION_FORMAT = "dwarf-with-dsym";
				ENABLE_NS_ASSERTIONS = NO;
				ENABLE_STRICT_OBJC_MSGSEND = YES;
				GCC_C_LANGUAGE_STANDARD = gnu99;
				GCC_NO_COMMON_BLOCKS = YES;
				GCC_WARN_64_TO_32_BIT_CONVERSION = YES;
				GCC_WARN_ABOUT_RETURN_TYPE = YES_ERROR;
				GCC_WARN_UNDECLARED_SELECTOR = YES;
				GCC_WARN_UNINITIALIZED_AUTOS = YES_AGGRESSIVE;
				GCC_WARN_UNUSED_FUNCTION = YES;
				GCC_WARN_UNUSED_VARIABLE = YES;
				MACOSX_DEPLOYMENT_TARGET = 10.12;
				MTL_ENABLE_DEBUG_INFO = NO;
				SDKROOT = macosx;
			};
			name = Release;
		};
		73927F301F70462B0079CB6F /* Debug */ = {
			isa = XCBuildConfiguration;
			buildSettings = {
				PRODUCT_NAME = "$(TARGET_NAME)";
			};
			name = Debug;
		};
		73927F311F70462B0079CB6F /* Release */ = {
			isa = XCBuildConfiguration;
			buildSettings = {
				PRODUCT_NAME = "$(TARGET_NAME)";
			};
			name = Release;
		};
/* End XCBuildConfiguration section */

/* Begin XCConfigurationList section */
		73927F231F70462B0079CB6F /* Build configuration list for PBXProject "eserciziInfoA" */ = {
			isa = XCConfigurationList;
			buildConfigurations = (
				73927F2D1F70462B0079CB6F /* Debug */,
				73927F2E1F70462B0079CB6F /* Release */,
			);
			defaultConfigurationIsVisible = 0;
			defaultConfigurationName = Release;
		};
		73927F2F1F70462B0079CB6F /* Build configuration list for PBXNativeTarget "eserciziInfoA" */ = {
			isa = XCConfigurationList;
			buildConfigurations = (
				73927F301F70462B0079CB6F /* Debug */,
				73927F311F70462B0079CB6F /* Release */,
			);
			defaultConfigurationIsVisible = 0;
			defaultConfigurationName = Release;
		};
/* End XCConfigurationList section */
	};
	rootObject = 73927F201F70462B0079CB6F /* Project object */;
}
